// !$*UTF8*$!
{
	archiveVersion = 1;
	classes = {
	};
	objectVersion = 50;
	objects = {

/* Begin PBXBuildFile section */
		20D6749A22CBEE010078165B /* AppDelegate.swift in Sources */ = {isa = PBXBuildFile; fileRef = 20D6749922CBEE010078165B /* AppDelegate.swift */; };
		20D6749C22CBEE010078165B /* ViewController.swift in Sources */ = {isa = PBXBuildFile; fileRef = 20D6749B22CBEE010078165B /* ViewController.swift */; };
		20D674A122CBEE030078165B /* Assets.xcassets in Resources */ = {isa = PBXBuildFile; fileRef = 20D674A022CBEE030078165B /* Assets.xcassets */; };
		20D674A422CBEE030078165B /* LaunchScreen.storyboard in Resources */ = {isa = PBXBuildFile; fileRef = 20D674A222CBEE030078165B /* LaunchScreen.storyboard */; };
		20D674B922CBF1280078165B /* Place.swift in Sources */ = {isa = PBXBuildFile; fileRef = 20D674B822CBF1280078165B /* Place.swift */; };
		20D674BC22CBF5880078165B /* APiManager.swift in Sources */ = {isa = PBXBuildFile; fileRef = 20D674BB22CBF5880078165B /* APiManager.swift */; };
		C24BC18322CC793700D6A5FD /* PlaceCell.swift in Sources */ = {isa = PBXBuildFile; fileRef = C24BC18222CC793700D6A5FD /* PlaceCell.swift */; };
		C27289EC22CDFC0D007986A1 /* Constant.swift in Sources */ = {isa = PBXBuildFile; fileRef = C27289EB22CDFC0D007986A1 /* Constant.swift */; };
		E44EAB369308C4D64FFB01A7 /* Pods_SampleProject.framework in Frameworks */ = {isa = PBXBuildFile; fileRef = C70AAD909D7A53284EEE7B6F /* Pods_SampleProject.framework */; };
		EAD7766D22CCA5CC0008A41E /* ErrorsText.swift in Sources */ = {isa = PBXBuildFile; fileRef = EAD7766C22CCA5CC0008A41E /* ErrorsText.swift */; };
/* End PBXBuildFile section */

/* Begin PBXFileReference section */
		20D6749622CBEE010078165B /* SampleProject.app */ = {isa = PBXFileReference; explicitFileType = wrapper.application; includeInIndex = 0; path = SampleProject.app; sourceTree = BUILT_PRODUCTS_DIR; };
		20D6749922CBEE010078165B /* AppDelegate.swift */ = {isa = PBXFileReference; lastKnownFileType = sourcecode.swift; path = AppDelegate.swift; sourceTree = "<group>"; };
		20D6749B22CBEE010078165B /* ViewController.swift */ = {isa = PBXFileReference; lastKnownFileType = sourcecode.swift; path = ViewController.swift; sourceTree = "<group>"; };
		20D674A022CBEE030078165B /* Assets.xcassets */ = {isa = PBXFileReference; lastKnownFileType = folder.assetcatalog; path = Assets.xcassets; sourceTree = "<group>"; };
		20D674A322CBEE030078165B /* Base */ = {isa = PBXFileReference; lastKnownFileType = file.storyboard; name = Base; path = Base.lproj/LaunchScreen.storyboard; sourceTree = "<group>"; };
		20D674A522CBEE030078165B /* Info.plist */ = {isa = PBXFileReference; lastKnownFileType = text.plist.xml; path = Info.plist; sourceTree = "<group>"; };
		20D674B822CBF1280078165B /* Place.swift */ = {isa = PBXFileReference; lastKnownFileType = sourcecode.swift; path = Place.swift; sourceTree = "<group>"; };
		20D674BB22CBF5880078165B /* APiManager.swift */ = {isa = PBXFileReference; fileEncoding = 4; lastKnownFileType = sourcecode.swift; path = APiManager.swift; sourceTree = "<group>"; };
		B59A6AD990ED263B76F7F263 /* Pods-SampleProject.debug.xcconfig */ = {isa = PBXFileReference; includeInIndex = 1; lastKnownFileType = text.xcconfig; name = "Pods-SampleProject.debug.xcconfig"; path = "Pods/Target Support Files/Pods-SampleProject/Pods-SampleProject.debug.xcconfig"; sourceTree = "<group>"; };
		C24BC18222CC793700D6A5FD /* PlaceCell.swift */ = {isa = PBXFileReference; lastKnownFileType = sourcecode.swift; path = PlaceCell.swift; sourceTree = "<group>"; };
		C27289EB22CDFC0D007986A1 /* Constant.swift */ = {isa = PBXFileReference; lastKnownFileType = sourcecode.swift; path = Constant.swift; sourceTree = "<group>"; };
		C483DDCBA6A9E43704E5DBB2 /* Pods-SampleProject.release.xcconfig */ = {isa = PBXFileReference; includeInIndex = 1; lastKnownFileType = text.xcconfig; name = "Pods-SampleProject.release.xcconfig"; path = "Pods/Target Support Files/Pods-SampleProject/Pods-SampleProject.release.xcconfig"; sourceTree = "<group>"; };
		C70AAD909D7A53284EEE7B6F /* Pods_SampleProject.framework */ = {isa = PBXFileReference; explicitFileType = wrapper.framework; includeInIndex = 0; path = Pods_SampleProject.framework; sourceTree = BUILT_PRODUCTS_DIR; };
		EAD7766C22CCA5CC0008A41E /* ErrorsText.swift */ = {isa = PBXFileReference; fileEncoding = 4; lastKnownFileType = sourcecode.swift; path = ErrorsText.swift; sourceTree = "<group>"; };
/* End PBXFileReference section */

/* Begin PBXFrameworksBuildPhase section */
		20D6749322CBEE010078165B /* Frameworks */ = {
			isa = PBXFrameworksBuildPhase;
			buildActionMask = 2147483647;
			files = (
				E44EAB369308C4D64FFB01A7 /* Pods_SampleProject.framework in Frameworks */,
			);
			runOnlyForDeploymentPostprocessing = 0;
		};
/* End PBXFrameworksBuildPhase section */

/* Begin PBXGroup section */
		106FB13B1B4634F4BA4E84C1 /* Frameworks */ = {
			isa = PBXGroup;
			children = (
				C70AAD909D7A53284EEE7B6F /* Pods_SampleProject.framework */,
			);
			name = Frameworks;
			sourceTree = "<group>";
		};
		20D6748D22CBEE010078165B = {
			isa = PBXGroup;
			children = (
				20D6749822CBEE010078165B /* SampleProject */,
				20D6749722CBEE010078165B /* Products */,
				E4FBDB36663080C99680526E /* Pods */,
				106FB13B1B4634F4BA4E84C1 /* Frameworks */,
			);
			sourceTree = "<group>";
		};
		20D6749722CBEE010078165B /* Products */ = {
			isa = PBXGroup;
			children = (
				20D6749622CBEE010078165B /* SampleProject.app */,
			);
			name = Products;
			sourceTree = "<group>";
		};
		20D6749822CBEE010078165B /* SampleProject */ = {
			isa = PBXGroup;
			children = (
				20D674B122CBEE690078165B /* Application */,
				20D674AE22CBEE450078165B /* Network */,
				20D674AD22CBEE3F0078165B /* Model */,
				20D674AC22CBEE3B0078165B /* View */,
				20D674AB22CBEE320078165B /* Controller */,
				20D674B022CBEE620078165B /* Resources */,
				20D674A522CBEE030078165B /* Info.plist */,
			);
			path = SampleProject;
			sourceTree = "<group>";
		};
		20D674AB22CBEE320078165B /* Controller */ = {
			isa = PBXGroup;
			children = (
				20D6749B22CBEE010078165B /* ViewController.swift */,
			);
			path = Controller;
			sourceTree = "<group>";
		};
		20D674AC22CBEE3B0078165B /* View */ = {
			isa = PBXGroup;
			children = (
				C24BC18122CC791200D6A5FD /* CustomCell */,
			);
			path = View;
			sourceTree = "<group>";
		};
		20D674AD22CBEE3F0078165B /* Model */ = {
			isa = PBXGroup;
			children = (
				20D674B822CBF1280078165B /* Place.swift */,
			);
			path = Model;
			sourceTree = "<group>";
		};
		20D674AE22CBEE450078165B /* Network */ = {
			isa = PBXGroup;
			children = (
				20D674BA22CBF5880078165B /* API Manager */,
				C27289EB22CDFC0D007986A1 /* Constant.swift */,
			);
			path = Network;
			sourceTree = "<group>";
		};
		20D674B022CBEE620078165B /* Resources */ = {
			isa = PBXGroup;
			children = (
				20D674A022CBEE030078165B /* Assets.xcassets */,
				20D674A222CBEE030078165B /* LaunchScreen.storyboard */,
			);
			path = Resources;
			sourceTree = "<group>";
		};
		20D674B122CBEE690078165B /* Application */ = {
			isa = PBXGroup;
			children = (
				20D6749922CBEE010078165B /* AppDelegate.swift */,
			);
			path = Application;
			sourceTree = "<group>";
		};
		20D674BA22CBF5880078165B /* API Manager */ = {
			isa = PBXGroup;
			children = (
				20D674BB22CBF5880078165B /* APiManager.swift */,
				EAD7766C22CCA5CC0008A41E /* ErrorsText.swift */,
			);
			path = "API Manager";
			sourceTree = "<group>";
		};
		C24BC18122CC791200D6A5FD /* CustomCell */ = {
			isa = PBXGroup;
			children = (
				C24BC18222CC793700D6A5FD /* PlaceCell.swift */,
			);
			path = CustomCell;
			sourceTree = "<group>";
		};
		E4FBDB36663080C99680526E /* Pods */ = {
			isa = PBXGroup;
			children = (
				B59A6AD990ED263B76F7F263 /* Pods-SampleProject.debug.xcconfig */,
				C483DDCBA6A9E43704E5DBB2 /* Pods-SampleProject.release.xcconfig */,
			);
			name = Pods;
			sourceTree = "<group>";
		};
/* End PBXGroup section */

/* Begin PBXNativeTarget section */
		20D6749522CBEE010078165B /* SampleProject */ = {
			isa = PBXNativeTarget;
			buildConfigurationList = 20D674A822CBEE030078165B /* Build configuration list for PBXNativeTarget "SampleProject" */;
			buildPhases = (
				1FB5AF2AD0537CD59A60AD59 /* [CP] Check Pods Manifest.lock */,
				20D6749222CBEE010078165B /* Sources */,
				20D6749322CBEE010078165B /* Frameworks */,
				20D6749422CBEE010078165B /* Resources */,
				90195E8B2D2F2673E3F19FBF /* [CP] Embed Pods Frameworks */,
			);
			buildRules = (
			);
			dependencies = (
			);
			name = SampleProject;
			productName = SampleProject;
			productReference = 20D6749622CBEE010078165B /* SampleProject.app */;
			productType = "com.apple.product-type.application";
		};
/* End PBXNativeTarget section */

/* Begin PBXProject section */
		20D6748E22CBEE010078165B /* Project object */ = {
			isa = PBXProject;
			attributes = {
				LastSwiftUpdateCheck = 1020;
				LastUpgradeCheck = 1020;
				ORGANIZATIONNAME = Saurabh;
				TargetAttributes = {
					20D6749522CBEE010078165B = {
						CreatedOnToolsVersion = 10.2.1;
					};
				};
			};
			buildConfigurationList = 20D6749122CBEE010078165B /* Build configuration list for PBXProject "SampleProject" */;
			compatibilityVersion = "Xcode 9.3";
			developmentRegion = en;
			hasScannedForEncodings = 0;
			knownRegions = (
				en,
				Base,
			);
			mainGroup = 20D6748D22CBEE010078165B;
			productRefGroup = 20D6749722CBEE010078165B /* Products */;
			projectDirPath = "";
			projectRoot = "";
			targets = (
				20D6749522CBEE010078165B /* SampleProject */,
			);
		};
/* End PBXProject section */

/* Begin PBXResourcesBuildPhase section */
		20D6749422CBEE010078165B /* Resources */ = {
			isa = PBXResourcesBuildPhase;
			buildActionMask = 2147483647;
			files = (
				20D674A422CBEE030078165B /* LaunchScreen.storyboard in Resources */,
				20D674A122CBEE030078165B /* Assets.xcassets in Resources */,
			);
			runOnlyForDeploymentPostprocessing = 0;
		};
/* End PBXResourcesBuildPhase section */

/* Begin PBXShellScriptBuildPhase section */
		1FB5AF2AD0537CD59A60AD59 /* [CP] Check Pods Manifest.lock */ = {
			isa = PBXShellScriptBuildPhase;
			buildActionMask = 2147483647;
			files = (
			);
			inputPaths = (
				"${PODS_PODFILE_DIR_PATH}/Podfile.lock",
				"${PODS_ROOT}/Manifest.lock",
			);
			name = "[CP] Check Pods Manifest.lock";
			outputPaths = (
				"$(DERIVED_FILE_DIR)/Pods-SampleProject-checkManifestLockResult.txt",
			);
			runOnlyForDeploymentPostprocessing = 0;
			shellPath = /bin/sh;
			shellScript = "diff \"${PODS_PODFILE_DIR_PATH}/Podfile.lock\" \"${PODS_ROOT}/Manifest.lock\" > /dev/null\nif [ $? != 0 ] ; then\n    # print error to STDERR\n    echo \"error: The sandbox is not in sync with the Podfile.lock. Run 'pod install' or update your CocoaPods installation.\" >&2\n    exit 1\nfi\n# This output is used by Xcode 'outputs' to avoid re-running this script phase.\necho \"SUCCESS\" > \"${SCRIPT_OUTPUT_FILE_0}\"\n";
			showEnvVarsInLog = 0;
		};
		90195E8B2D2F2673E3F19FBF /* [CP] Embed Pods Frameworks */ = {
			isa = PBXShellScriptBuildPhase;
			buildActionMask = 2147483647;
			files = (
			);
			inputPaths = (
				"${PODS_ROOT}/Target Support Files/Pods-SampleProject/Pods-SampleProject-frameworks.sh",
				"${BUILT_PRODUCTS_DIR}/Alamofire/Alamofire.framework",
				"${BUILT_PRODUCTS_DIR}/AlamofireImage/AlamofireImage.framework",
				"${BUILT_PRODUCTS_DIR}/SwiftyJSON/SwiftyJSON.framework",
			);
			name = "[CP] Embed Pods Frameworks";
			outputPaths = (
				"${TARGET_BUILD_DIR}/${FRAMEWORKS_FOLDER_PATH}/Alamofire.framework",
				"${TARGET_BUILD_DIR}/${FRAMEWORKS_FOLDER_PATH}/AlamofireImage.framework",
				"${TARGET_BUILD_DIR}/${FRAMEWORKS_FOLDER_PATH}/SwiftyJSON.framework",
			);
			runOnlyForDeploymentPostprocessing = 0;
			shellPath = /bin/sh;
			shellScript = "\"${PODS_ROOT}/Target Support Files/Pods-SampleProject/Pods-SampleProject-frameworks.sh\"\n";
			showEnvVarsInLog = 0;
		};
/* End PBXShellScriptBuildPhase section */

/* Begin PBXSourcesBuildPhase section */
		20D6749222CBEE010078165B /* Sources */ = {
			isa = PBXSourcesBuildPhase;
			buildActionMask = 2147483647;
			files = (
				C27289EC22CDFC0D007986A1 /* Constant.swift in Sources */,
				20D6749C22CBEE010078165B /* ViewController.swift in Sources */,
				20D6749A22CBEE010078165B /* AppDelegate.swift in Sources */,
				20D674B922CBF1280078165B /* Place.swift in Sources */,
				20D674BC22CBF5880078165B /* APiManager.swift in Sources */,
				EAD7766D22CCA5CC0008A41E /* ErrorsText.swift in Sources */,
				C24BC18322CC793700D6A5FD /* PlaceCell.swift in Sources */,
			);
			runOnlyForDeploymentPostprocessing = 0;
		};
/* End PBXSourcesBuildPhase section */

/* Begin PBXVariantGroup section */
		20D674A222CBEE030078165B /* LaunchScreen.storyboard */ = {
			isa = PBXVariantGroup;
			children = (
				20D674A322CBEE030078165B /* Base */,
			);
			name = LaunchScreen.storyboard;
			sourceTree = "<group>";
		};
/* End PBXVariantGroup section */

/* Begin XCBuildConfiguration section */
		20D674A622CBEE030078165B /* Debug */ = {
			isa = XCBuildConfiguration;
			buildSettings = {
				ALWAYS_SEARCH_USER_PATHS = NO;
				CLANG_ANALYZER_NONNULL = YES;
				CLANG_ANALYZER_NUMBER_OBJECT_CONVERSION = YES_AGGRESSIVE;
				CLANG_CXX_LANGUAGE_STANDARD = "gnu++14";
				CLANG_CXX_LIBRARY = "libc++";
				CLANG_ENABLE_MODULES = YES;
				CLANG_ENABLE_OBJC_ARC = YES;
				CLANG_ENABLE_OBJC_WEAK = YES;
				CLANG_WARN_BLOCK_CAPTURE_AUTORELEASING = YES;
				CLANG_WARN_BOOL_CONVERSION = YES;
				CLANG_WARN_COMMA = YES;
				CLANG_WARN_CONSTANT_CONVERSION = YES;
				CLANG_WARN_DEPRECATED_OBJC_IMPLEMENTATIONS = YES;
				CLANG_WARN_DIRECT_OBJC_ISA_USAGE = YES_ERROR;
				CLANG_WARN_DOCUMENTATION_COMMENTS = YES;
				CLANG_WARN_EMPTY_BODY = YES;
				CLANG_WARN_ENUM_CONVERSION = YES;
				CLANG_WARN_INFINITE_RECURSION = YES;
				CLANG_WARN_INT_CONVERSION = YES;
				CLANG_WARN_NON_LITERAL_NULL_CONVERSION = YES;
				CLANG_WARN_OBJC_IMPLICIT_RETAIN_SELF = YES;
				CLANG_WARN_OBJC_LITERAL_CONVERSION = YES;
				CLANG_WARN_OBJC_ROOT_CLASS = YES_ERROR;
				CLANG_WARN_RANGE_LOOP_ANALYSIS = YES;
				CLANG_WARN_STRICT_PROTOTYPES = YES;
				CLANG_WARN_SUSPICIOUS_MOVE = YES;
				CLANG_WARN_UNGUARDED_AVAILABILITY = YES_AGGRESSIVE;
				CLANG_WARN_UNREACHABLE_CODE = YES;
				CLANG_WARN__DUPLICATE_METHOD_MATCH = YES;
				CODE_SIGN_IDENTITY = "iPhone Developer";
				COPY_PHASE_STRIP = NO;
				DEBUG_INFORMATION_FORMAT = dwarf;
				ENABLE_STRICT_OBJC_MSGSEND = YES;
				ENABLE_TESTABILITY = YES;
				GCC_C_LANGUAGE_STANDARD = gnu11;
				GCC_DYNAMIC_NO_PIC = NO;
				GCC_NO_COMMON_BLOCKS = YES;
				GCC_OPTIMIZATION_LEVEL = 0;
				GCC_PREPROCESSOR_DEFINITIONS = (
					"DEBUG=1",
					"$(inherited)",
				);
				GCC_WARN_64_TO_32_BIT_CONVERSION = YES;
				GCC_WARN_ABOUT_RETURN_TYPE = YES_ERROR;
				GCC_WARN_UNDECLARED_SELECTOR = YES;
				GCC_WARN_UNINITIALIZED_AUTOS = YES_AGGRESSIVE;
				GCC_WARN_UNUSED_FUNCTION = YES;
				GCC_WARN_UNUSED_VARIABLE = YES;
				IPHONEOS_DEPLOYMENT_TARGET = 12.2;
				MTL_ENABLE_DEBUG_INFO = INCLUDE_SOURCE;
				MTL_FAST_MATH = YES;
				ONLY_ACTIVE_ARCH = YES;
				SDKROOT = iphoneos;
				SWIFT_ACTIVE_COMPILATION_CONDITIONS = DEBUG;
				SWIFT_OPTIMIZATION_LEVEL = "-Onone";
			};
			name = Debug;
		};
		20D674A722CBEE030078165B /* Release */ = {
			isa = XCBuildConfiguration;
			buildSettings = {
				ALWAYS_SEARCH_USER_PATHS = NO;
				CLANG_ANALYZER_NONNULL = YES;
				CLANG_ANALYZER_NUMBER_OBJECT_CONVERSION = YES_AGGRESSIVE;
				CLANG_CXX_LANGUAGE_STANDARD = "gnu++14";
				CLANG_CXX_LIBRARY = "libc++";
				CLANG_ENABLE_MODULES = YES;
				CLANG_ENABLE_OBJC_ARC = YES;
				CLANG_ENABLE_OBJC_WEAK = YES;
				CLANG_WARN_BLOCK_CAPTURE_AUTORELEASING = YES;
				CLANG_WARN_BOOL_CONVERSION = YES;
				CLANG_WARN_COMMA = YES;
				CLANG_WARN_CONSTANT_CONVERSION = YES;
				CLANG_WARN_DEPRECATED_OBJC_IMPLEMENTATIONS = YES;
				CLANG_WARN_DIRECT_OBJC_ISA_USAGE = YES_ERROR;
				CLANG_WARN_DOCUMENTATION_COMMENTS = YES;
				CLANG_WARN_EMPTY_BODY = YES;
				CLANG_WARN_ENUM_CONVERSION = YES;
				CLANG_WARN_INFINITE_RECURSION = YES;
				CLANG_WARN_INT_CONVERSION = YES;
				CLANG_WARN_NON_LITERAL_NULL_CONVERSION = YES;
				CLANG_WARN_OBJC_IMPLICIT_RETAIN_SELF = YES;
				CLANG_WARN_OBJC_LITERAL_CONVERSION = YES;
				CLANG_WARN_OBJC_ROOT_CLASS = YES_ERROR;
				CLANG_WARN_RANGE_LOOP_ANALYSIS = YES;
				CLANG_WARN_STRICT_PROTOTYPES = YES;
				CLANG_WARN_SUSPICIOUS_MOVE = YES;
				CLANG_WARN_UNGUARDED_AVAILABILITY = YES_AGGRESSIVE;
				CLANG_WARN_UNREACHABLE_CODE = YES;
				CLANG_WARN__DUPLICATE_METHOD_MATCH = YES;
				CODE_SIGN_IDENTITY = "iPhone Developer";
				COPY_PHASE_STRIP = NO;
				DEBUG_INFORMATION_FORMAT = "dwarf-with-dsym";
				ENABLE_NS_ASSERTIONS = NO;
				ENABLE_STRICT_OBJC_MSGSEND = YES;
				GCC_C_LANGUAGE_STANDARD = gnu11;
				GCC_NO_COMMON_BLOCKS = YES;
				GCC_WARN_64_TO_32_BIT_CONVERSION = YES;
				GCC_WARN_ABOUT_RETURN_TYPE = YES_ERROR;
				GCC_WARN_UNDECLARED_SELECTOR = YES;
				GCC_WARN_UNINITIALIZED_AUTOS = YES_AGGRESSIVE;
				GCC_WARN_UNUSED_FUNCTION = YES;
				GCC_WARN_UNUSED_VARIABLE = YES;
				IPHONEOS_DEPLOYMENT_TARGET = 12.2;
				MTL_ENABLE_DEBUG_INFO = NO;
				MTL_FAST_MATH = YES;
				SDKROOT = iphoneos;
				SWIFT_COMPILATION_MODE = wholemodule;
				SWIFT_OPTIMIZATION_LEVEL = "-O";
				VALIDATE_PRODUCT = YES;
			};
			name = Release;
		};
		20D674A922CBEE030078165B /* Debug */ = {
			isa = XCBuildConfiguration;
			baseConfigurationReference = B59A6AD990ED263B76F7F263 /* Pods-SampleProject.debug.xcconfig */;
			buildSettings = {
				ASSETCATALOG_COMPILER_APPICON_NAME = AppIcon;
				CODE_SIGN_STYLE = Automatic;
				DEVELOPMENT_TEAM = ZN8QY8PJU6;
				INFOPLIST_FILE = SampleProject/Info.plist;
				LD_RUNPATH_SEARCH_PATHS = (
					"$(inherited)",
					"@executable_path/Frameworks",
				);
				PRODUCT_BUNDLE_IDENTIFIER = com.demo.test.SampleProject;
				PRODUCT_NAME = "$(TARGET_NAME)";
				SWIFT_VERSION = 5.0;
				TARGETED_DEVICE_FAMILY = "1,2";
			};
			name = Debug;
		};
		20D674AA22CBEE030078165B /* Release */ = {
			isa = XCBuildConfiguration;
			baseConfigurationReference = C483DDCBA6A9E43704E5DBB2 /* Pods-SampleProject.release.xcconfig */;
			buildSettings = {
				ASSETCATALOG_COMPILER_APPICON_NAME = AppIcon;
				CODE_SIGN_STYLE = Automatic;
				DEVELOPMENT_TEAM = ZN8QY8PJU6;
				INFOPLIST_FILE = SampleProject/Info.plist;
				LD_RUNPATH_SEARCH_PATHS = (
					"$(inherited)",
					"@executable_path/Frameworks",
				);
				PRODUCT_BUNDLE_IDENTIFIER = com.demo.test.SampleProject;
				PRODUCT_NAME = "$(TARGET_NAME)";
				SWIFT_VERSION = 5.0;
				TARGETED_DEVICE_FAMILY = "1,2";
			};
			name = Release;
		};
/* End XCBuildConfiguration section */

/* Begin XCConfigurationList section */
		20D6749122CBEE010078165B /* Build configuration list for PBXProject "SampleProject" */ = {
			isa = XCConfigurationList;
			buildConfigurations = (
				20D674A622CBEE030078165B /* Debug */,
				20D674A722CBEE030078165B /* Release */,
			);
			defaultConfigurationIsVisible = 0;
			defaultConfigurationName = Release;
		};
		20D674A822CBEE030078165B /* Build configuration list for PBXNativeTarget "SampleProject" */ = {
			isa = XCConfigurationList;
			buildConfigurations = (
				20D674A922CBEE030078165B /* Debug */,
				20D674AA22CBEE030078165B /* Release */,
			);
			defaultConfigurationIsVisible = 0;
			defaultConfigurationName = Release;
		};
/* End XCConfigurationList section */
	};
	rootObject = 20D6748E22CBEE010078165B /* Project object */;
}
