// !$*UTF8*$!
{
	archiveVersion = 1;
	classes = {
	};
	objectVersion = 50;
	objects = {

/* Begin PBXBuildFile section */
		1683FAA57CC9AB862344D2F7 /* Pods_SampleProject2.framework in Frameworks */ = {isa = PBXBuildFile; fileRef = F6229B064CBF654F2F5BAD22 /* Pods_SampleProject2.framework */; };
		205E2BFF22D67F7800B39BCD /* AppDelegate.swift in Sources */ = {isa = PBXBuildFile; fileRef = 205E2BFE22D67F7800B39BCD /* AppDelegate.swift */; };
		205E2C0122D67F7800B39BCD /* ViewController.swift in Sources */ = {isa = PBXBuildFile; fileRef = 205E2C0022D67F7800B39BCD /* ViewController.swift */; };
		205E2C0622D67F7900B39BCD /* Assets.xcassets in Resources */ = {isa = PBXBuildFile; fileRef = 205E2C0522D67F7900B39BCD /* Assets.xcassets */; };
		205E2C0922D67F7900B39BCD /* LaunchScreen.storyboard in Resources */ = {isa = PBXBuildFile; fileRef = 205E2C0722D67F7900B39BCD /* LaunchScreen.storyboard */; };
		205E2C1422D67F7900B39BCD /* SampleProject2Tests.swift in Sources */ = {isa = PBXBuildFile; fileRef = 205E2C1322D67F7900B39BCD /* SampleProject2Tests.swift */; };
		205E2C1F22D67FD700B39BCD /* PlaceCell.swift in Sources */ = {isa = PBXBuildFile; fileRef = 205E2C1E22D67FD700B39BCD /* PlaceCell.swift */; };
		205E2C2522D6801100B39BCD /* Place.swift in Sources */ = {isa = PBXBuildFile; fileRef = 205E2C2222D6801100B39BCD /* Place.swift */; };
		205E2C2622D6801100B39BCD /* Webservice.swift in Sources */ = {isa = PBXBuildFile; fileRef = 205E2C2422D6801100B39BCD /* Webservice.swift */; };
		205E2C2922D680F100B39BCD /* Constants.swift in Sources */ = {isa = PBXBuildFile; fileRef = 205E2C2822D680F100B39BCD /* Constants.swift */; };
		205E2C2C22D6823C00B39BCD /* PlaceViewModel.swift in Sources */ = {isa = PBXBuildFile; fileRef = 205E2C2B22D6823C00B39BCD /* PlaceViewModel.swift */; };
		C289BBA522D736BD0069C920 /* UIScrollView+ActivityIndicator.swift in Sources */ = {isa = PBXBuildFile; fileRef = C289BBA422D736BD0069C920 /* UIScrollView+ActivityIndicator.swift */; };
		C289BBA822D74A380069C920 /* PlaceMock.json in Resources */ = {isa = PBXBuildFile; fileRef = C289BBA722D74A380069C920 /* PlaceMock.json */; };
		C289BBAB22D755930069C920 /* ActivityIndicator.swift in Sources */ = {isa = PBXBuildFile; fileRef = C289BBAA22D755930069C920 /* ActivityIndicator.swift */; };
/* End PBXBuildFile section */

/* Begin PBXContainerItemProxy section */
		205E2C1022D67F7900B39BCD /* PBXContainerItemProxy */ = {
			isa = PBXContainerItemProxy;
			containerPortal = 205E2BF322D67F7800B39BCD /* Project object */;
			proxyType = 1;
			remoteGlobalIDString = 205E2BFA22D67F7800B39BCD;
			remoteInfo = SampleProject2;
		};
/* End PBXContainerItemProxy section */

/* Begin PBXFileReference section */
		205E2BFB22D67F7800B39BCD /* SampleProject2.app */ = {isa = PBXFileReference; explicitFileType = wrapper.application; includeInIndex = 0; path = SampleProject2.app; sourceTree = BUILT_PRODUCTS_DIR; };
		205E2BFE22D67F7800B39BCD /* AppDelegate.swift */ = {isa = PBXFileReference; lastKnownFileType = sourcecode.swift; path = AppDelegate.swift; sourceTree = "<group>"; };
		205E2C0022D67F7800B39BCD /* ViewController.swift */ = {isa = PBXFileReference; lastKnownFileType = sourcecode.swift; path = ViewController.swift; sourceTree = "<group>"; };
		205E2C0522D67F7900B39BCD /* Assets.xcassets */ = {isa = PBXFileReference; lastKnownFileType = folder.assetcatalog; path = Assets.xcassets; sourceTree = "<group>"; };
		205E2C0822D67F7900B39BCD /* Base */ = {isa = PBXFileReference; lastKnownFileType = file.storyboard; name = Base; path = Base.lproj/LaunchScreen.storyboard; sourceTree = "<group>"; };
		205E2C0A22D67F7900B39BCD /* Info.plist */ = {isa = PBXFileReference; lastKnownFileType = text.plist.xml; path = Info.plist; sourceTree = "<group>"; };
		205E2C0F22D67F7900B39BCD /* SampleProject2Tests.xctest */ = {isa = PBXFileReference; explicitFileType = wrapper.cfbundle; includeInIndex = 0; path = SampleProject2Tests.xctest; sourceTree = BUILT_PRODUCTS_DIR; };
		205E2C1322D67F7900B39BCD /* SampleProject2Tests.swift */ = {isa = PBXFileReference; lastKnownFileType = sourcecode.swift; path = SampleProject2Tests.swift; sourceTree = "<group>"; };
		205E2C1522D67F7900B39BCD /* Info.plist */ = {isa = PBXFileReference; lastKnownFileType = text.plist.xml; path = Info.plist; sourceTree = "<group>"; };
		205E2C1E22D67FD700B39BCD /* PlaceCell.swift */ = {isa = PBXFileReference; fileEncoding = 4; lastKnownFileType = sourcecode.swift; path = PlaceCell.swift; sourceTree = "<group>"; };
		205E2C2222D6801100B39BCD /* Place.swift */ = {isa = PBXFileReference; fileEncoding = 4; lastKnownFileType = sourcecode.swift; path = Place.swift; sourceTree = "<group>"; };
		205E2C2422D6801100B39BCD /* Webservice.swift */ = {isa = PBXFileReference; fileEncoding = 4; lastKnownFileType = sourcecode.swift; path = Webservice.swift; sourceTree = "<group>"; };
		205E2C2822D680F100B39BCD /* Constants.swift */ = {isa = PBXFileReference; fileEncoding = 4; lastKnownFileType = sourcecode.swift; path = Constants.swift; sourceTree = "<group>"; };
		205E2C2B22D6823C00B39BCD /* PlaceViewModel.swift */ = {isa = PBXFileReference; lastKnownFileType = sourcecode.swift; path = PlaceViewModel.swift; sourceTree = "<group>"; };
		2C8CCB16C8E38DEDE6307410 /* Pods-SampleProject2.release.xcconfig */ = {isa = PBXFileReference; includeInIndex = 1; lastKnownFileType = text.xcconfig; name = "Pods-SampleProject2.release.xcconfig"; path = "Target Support Files/Pods-SampleProject2/Pods-SampleProject2.release.xcconfig"; sourceTree = "<group>"; };
		C289BBA422D736BD0069C920 /* UIScrollView+ActivityIndicator.swift */ = {isa = PBXFileReference; lastKnownFileType = sourcecode.swift; path = "UIScrollView+ActivityIndicator.swift"; sourceTree = "<group>"; };
		C289BBA722D74A380069C920 /* PlaceMock.json */ = {isa = PBXFileReference; fileEncoding = 4; lastKnownFileType = text.json; path = PlaceMock.json; sourceTree = "<group>"; };
		C289BBAA22D755930069C920 /* ActivityIndicator.swift */ = {isa = PBXFileReference; fileEncoding = 4; lastKnownFileType = sourcecode.swift; path = ActivityIndicator.swift; sourceTree = "<group>"; };
		F6229B064CBF654F2F5BAD22 /* Pods_SampleProject2.framework */ = {isa = PBXFileReference; explicitFileType = wrapper.framework; includeInIndex = 0; path = Pods_SampleProject2.framework; sourceTree = BUILT_PRODUCTS_DIR; };
		FB03A3EF6415FA9FFA66BB1F /* Pods-SampleProject2.debug.xcconfig */ = {isa = PBXFileReference; includeInIndex = 1; lastKnownFileType = text.xcconfig; name = "Pods-SampleProject2.debug.xcconfig"; path = "Target Support Files/Pods-SampleProject2/Pods-SampleProject2.debug.xcconfig"; sourceTree = "<group>"; };
/* End PBXFileReference section */

/* Begin PBXFrameworksBuildPhase section */
		205E2BF822D67F7800B39BCD /* Frameworks */ = {
			isa = PBXFrameworksBuildPhase;
			buildActionMask = 2147483647;
			files = (
				1683FAA57CC9AB862344D2F7 /* Pods_SampleProject2.framework in Frameworks */,
			);
			runOnlyForDeploymentPostprocessing = 0;
		};
		205E2C0C22D67F7900B39BCD /* Frameworks */ = {
			isa = PBXFrameworksBuildPhase;
			buildActionMask = 2147483647;
			files = (
			);
			runOnlyForDeploymentPostprocessing = 0;
		};
/* End PBXFrameworksBuildPhase section */

/* Begin PBXGroup section */
		057CE9E33D0AE3F18A8B05E1 /* Frameworks */ = {
			isa = PBXGroup;
			children = (
				F6229B064CBF654F2F5BAD22 /* Pods_SampleProject2.framework */,
			);
			name = Frameworks;
			sourceTree = "<group>";
		};
		205E2BF222D67F7800B39BCD = {
			isa = PBXGroup;
			children = (
				205E2BFD22D67F7800B39BCD /* SampleProject2 */,
				205E2C1222D67F7900B39BCD /* SampleProject2Tests */,
				205E2BFC22D67F7800B39BCD /* Products */,
				77D5653DC5D384AEDB54925C /* Pods */,
				057CE9E33D0AE3F18A8B05E1 /* Frameworks */,
			);
			sourceTree = "<group>";
		};
		205E2BFC22D67F7800B39BCD /* Products */ = {
			isa = PBXGroup;
			children = (
				205E2BFB22D67F7800B39BCD /* SampleProject2.app */,
				205E2C0F22D67F7900B39BCD /* SampleProject2Tests.xctest */,
			);
			name = Products;
			sourceTree = "<group>";
		};
		205E2BFD22D67F7800B39BCD /* SampleProject2 */ = {
			isa = PBXGroup;
			children = (
				205E2BFE22D67F7800B39BCD /* AppDelegate.swift */,
				205E2C2A22D6822600B39BCD /* ViewModels */,
				C289BBA322D712660069C920 /* Controllers */,
				205E2C2122D6801100B39BCD /* Models */,
				205E2C2322D6801100B39BCD /* Service */,
				205E2C2022D67FDA00B39BCD /* Cell */,
				205E2C2722D680E100B39BCD /* Helpers */,
				C289BBA922D7537C0069C920 /* Resources */,
				205E2C0A22D67F7900B39BCD /* Info.plist */,
			);
			path = SampleProject2;
			sourceTree = "<group>";
		};
		205E2C1222D67F7900B39BCD /* SampleProject2Tests */ = {
			isa = PBXGroup;
			children = (
				205E2C1322D67F7900B39BCD /* SampleProject2Tests.swift */,
				C289BBA622D749FF0069C920 /* Resources */,
				205E2C1522D67F7900B39BCD /* Info.plist */,
			);
			path = SampleProject2Tests;
			sourceTree = "<group>";
		};
		205E2C2022D67FDA00B39BCD /* Cell */ = {
			isa = PBXGroup;
			children = (
				205E2C1E22D67FD700B39BCD /* PlaceCell.swift */,
			);
			path = Cell;
			sourceTree = "<group>";
		};
		205E2C2122D6801100B39BCD /* Models */ = {
			isa = PBXGroup;
			children = (
				205E2C2222D6801100B39BCD /* Place.swift */,
			);
			path = Models;
			sourceTree = "<group>";
		};
		205E2C2322D6801100B39BCD /* Service */ = {
			isa = PBXGroup;
			children = (
				205E2C2422D6801100B39BCD /* Webservice.swift */,
			);
			path = Service;
			sourceTree = "<group>";
		};
		205E2C2722D680E100B39BCD /* Helpers */ = {
			isa = PBXGroup;
			children = (
				C289BBAA22D755930069C920 /* ActivityIndicator.swift */,
				205E2C2822D680F100B39BCD /* Constants.swift */,
				C289BBA422D736BD0069C920 /* UIScrollView+ActivityIndicator.swift */,
			);
			path = Helpers;
			sourceTree = "<group>";
		};
		205E2C2A22D6822600B39BCD /* ViewModels */ = {
			isa = PBXGroup;
			children = (
				205E2C2B22D6823C00B39BCD /* PlaceViewModel.swift */,
			);
			path = ViewModels;
			sourceTree = "<group>";
		};
		77D5653DC5D384AEDB54925C /* Pods */ = {
			isa = PBXGroup;
			children = (
				FB03A3EF6415FA9FFA66BB1F /* Pods-SampleProject2.debug.xcconfig */,
				2C8CCB16C8E38DEDE6307410 /* Pods-SampleProject2.release.xcconfig */,
			);
			path = Pods;
			sourceTree = "<group>";
		};
		C289BBA322D712660069C920 /* Controllers */ = {
			isa = PBXGroup;
			children = (
				205E2C0022D67F7800B39BCD /* ViewController.swift */,
			);
			path = Controllers;
			sourceTree = "<group>";
		};
		C289BBA622D749FF0069C920 /* Resources */ = {
			isa = PBXGroup;
			children = (
				C289BBA722D74A380069C920 /* PlaceMock.json */,
			);
			path = Resources;
			sourceTree = "<group>";
		};
		C289BBA922D7537C0069C920 /* Resources */ = {
			isa = PBXGroup;
			children = (
				205E2C0522D67F7900B39BCD /* Assets.xcassets */,
				205E2C0722D67F7900B39BCD /* LaunchScreen.storyboard */,
			);
			path = Resources;
			sourceTree = "<group>";
		};
/* End PBXGroup section */

/* Begin PBXNativeTarget section */
		205E2BFA22D67F7800B39BCD /* SampleProject2 */ = {
			isa = PBXNativeTarget;
			buildConfigurationList = 205E2C1822D67F7900B39BCD /* Build configuration list for PBXNativeTarget "SampleProject2" */;
			buildPhases = (
				B71F5AAD76C3B90F58D18E2D /* [CP] Check Pods Manifest.lock */,
				205E2BF722D67F7800B39BCD /* Sources */,
				205E2BF822D67F7800B39BCD /* Frameworks */,
				205E2BF922D67F7800B39BCD /* Resources */,
				CAB7717E5BAA272BBA53AA1B /* [CP] Embed Pods Frameworks */,
			);
			buildRules = (
			);
			dependencies = (
			);
			name = SampleProject2;
			productName = SampleProject2;
			productReference = 205E2BFB22D67F7800B39BCD /* SampleProject2.app */;
			productType = "com.apple.product-type.application";
		};
		205E2C0E22D67F7900B39BCD /* SampleProject2Tests */ = {
			isa = PBXNativeTarget;
			buildConfigurationList = 205E2C1B22D67F7900B39BCD /* Build configuration list for PBXNativeTarget "SampleProject2Tests" */;
			buildPhases = (
				205E2C0B22D67F7900B39BCD /* Sources */,
				205E2C0C22D67F7900B39BCD /* Frameworks */,
				205E2C0D22D67F7900B39BCD /* Resources */,
			);
			buildRules = (
			);
			dependencies = (
				205E2C1122D67F7900B39BCD /* PBXTargetDependency */,
			);
			name = SampleProject2Tests;
			productName = SampleProject2Tests;
			productReference = 205E2C0F22D67F7900B39BCD /* SampleProject2Tests.xctest */;
			productType = "com.apple.product-type.bundle.unit-test";
		};
/* End PBXNativeTarget section */

/* Begin PBXProject section */
		205E2BF322D67F7800B39BCD /* Project object */ = {
			isa = PBXProject;
			attributes = {
				LastSwiftUpdateCheck = 1020;
				LastUpgradeCheck = 1020;
				ORGANIZATIONNAME = Saurabh;
				TargetAttributes = {
					205E2BFA22D67F7800B39BCD = {
						CreatedOnToolsVersion = 10.2.1;
					};
					205E2C0E22D67F7900B39BCD = {
						CreatedOnToolsVersion = 10.2.1;
						TestTargetID = 205E2BFA22D67F7800B39BCD;
					};
				};
			};
			buildConfigurationList = 205E2BF622D67F7800B39BCD /* Build configuration list for PBXProject "SampleProject2" */;
			compatibilityVersion = "Xcode 9.3";
			developmentRegion = en;
			hasScannedForEncodings = 0;
			knownRegions = (
				en,
				Base,
			);
			mainGroup = 205E2BF222D67F7800B39BCD;
			productRefGroup = 205E2BFC22D67F7800B39BCD /* Products */;
			projectDirPath = "";
			projectRoot = "";
			targets = (
				205E2BFA22D67F7800B39BCD /* SampleProject2 */,
				205E2C0E22D67F7900B39BCD /* SampleProject2Tests */,
			);
		};
/* End PBXProject section */

/* Begin PBXResourcesBuildPhase section */
		205E2BF922D67F7800B39BCD /* Resources */ = {
			isa = PBXResourcesBuildPhase;
			buildActionMask = 2147483647;
			files = (
				205E2C0922D67F7900B39BCD /* LaunchScreen.storyboard in Resources */,
				205E2C0622D67F7900B39BCD /* Assets.xcassets in Resources */,
			);
			runOnlyForDeploymentPostprocessing = 0;
		};
		205E2C0D22D67F7900B39BCD /* Resources */ = {
			isa = PBXResourcesBuildPhase;
			buildActionMask = 2147483647;
			files = (
				C289BBA822D74A380069C920 /* PlaceMock.json in Resources */,
			);
			runOnlyForDeploymentPostprocessing = 0;
		};
/* End PBXResourcesBuildPhase section */

/* Begin PBXShellScriptBuildPhase section */
		B71F5AAD76C3B90F58D18E2D /* [CP] Check Pods Manifest.lock */ = {
			isa = PBXShellScriptBuildPhase;
			buildActionMask = 2147483647;
			files = (
			);
			inputFileListPaths = (
			);
			inputPaths = (
				"${PODS_PODFILE_DIR_PATH}/Podfile.lock",
				"${PODS_ROOT}/Manifest.lock",
			);
			name = "[CP] Check Pods Manifest.lock";
			outputFileListPaths = (
			);
			outputPaths = (
				"$(DERIVED_FILE_DIR)/Pods-SampleProject2-checkManifestLockResult.txt",
			);
			runOnlyForDeploymentPostprocessing = 0;
			shellPath = /bin/sh;
			shellScript = "diff \"${PODS_PODFILE_DIR_PATH}/Podfile.lock\" \"${PODS_ROOT}/Manifest.lock\" > /dev/null\nif [ $? != 0 ] ; then\n    # print error to STDERR\n    echo \"error: The sandbox is not in sync with the Podfile.lock. Run 'pod install' or update your CocoaPods installation.\" >&2\n    exit 1\nfi\n# This output is used by Xcode 'outputs' to avoid re-running this script phase.\necho \"SUCCESS\" > \"${SCRIPT_OUTPUT_FILE_0}\"\n";
			showEnvVarsInLog = 0;
		};
		CAB7717E5BAA272BBA53AA1B /* [CP] Embed Pods Frameworks */ = {
			isa = PBXShellScriptBuildPhase;
			buildActionMask = 2147483647;
			files = (
			);
			inputFileListPaths = (
				"${PODS_ROOT}/Target Support Files/Pods-SampleProject2/Pods-SampleProject2-frameworks-${CONFIGURATION}-input-files.xcfilelist",
			);
			name = "[CP] Embed Pods Frameworks";
			outputFileListPaths = (
				"${PODS_ROOT}/Target Support Files/Pods-SampleProject2/Pods-SampleProject2-frameworks-${CONFIGURATION}-output-files.xcfilelist",
			);
			runOnlyForDeploymentPostprocessing = 0;
			shellPath = /bin/sh;
			shellScript = "\"${PODS_ROOT}/Target Support Files/Pods-SampleProject2/Pods-SampleProject2-frameworks.sh\"\n";
			showEnvVarsInLog = 0;
		};
/* End PBXShellScriptBuildPhase section */

/* Begin PBXSourcesBuildPhase section */
		205E2BF722D67F7800B39BCD /* Sources */ = {
			isa = PBXSourcesBuildPhase;
			buildActionMask = 2147483647;
			files = (
				205E2C0122D67F7800B39BCD /* ViewController.swift in Sources */,
				205E2BFF22D67F7800B39BCD /* AppDelegate.swift in Sources */,
				205E2C1F22D67FD700B39BCD /* PlaceCell.swift in Sources */,
				205E2C2C22D6823C00B39BCD /* PlaceViewModel.swift in Sources */,
				C289BBA522D736BD0069C920 /* UIScrollView+ActivityIndicator.swift in Sources */,
				205E2C2622D6801100B39BCD /* Webservice.swift in Sources */,
				205E2C2522D6801100B39BCD /* Place.swift in Sources */,
				C289BBAB22D755930069C920 /* ActivityIndicator.swift in Sources */,
				205E2C2922D680F100B39BCD /* Constants.swift in Sources */,
			);
			runOnlyForDeploymentPostprocessing = 0;
		};
		205E2C0B22D67F7900B39BCD /* Sources */ = {
			isa = PBXSourcesBuildPhase;
			buildActionMask = 2147483647;
			files = (
				205E2C1422D67F7900B39BCD /* SampleProject2Tests.swift in Sources */,
			);
			runOnlyForDeploymentPostprocessing = 0;
		};
/* End PBXSourcesBuildPhase section */

/* Begin PBXTargetDependency section */
		205E2C1122D67F7900B39BCD /* PBXTargetDependency */ = {
			isa = PBXTargetDependency;
			target = 205E2BFA22D67F7800B39BCD /* SampleProject2 */;
			targetProxy = 205E2C1022D67F7900B39BCD /* PBXContainerItemProxy */;
		};
/* End PBXTargetDependency section */

/* Begin PBXVariantGroup section */
		205E2C0722D67F7900B39BCD /* LaunchScreen.storyboard */ = {
			isa = PBXVariantGroup;
			children = (
				205E2C0822D67F7900B39BCD /* Base */,
			);
			name = LaunchScreen.storyboard;
			sourceTree = "<group>";
		};
/* End PBXVariantGroup section */

/* Begin XCBuildConfiguration section */
		205E2C1622D67F7900B39BCD /* Debug */ = {
			isa = XCBuildConfiguration;
			buildSettings = {
				ALWAYS_SEARCH_USER_PATHS = NO;
				CLANG_ANALYZER_NONNULL = YES;
				CLANG_ANALYZER_NUMBER_OBJECT_CONVERSION = YES_AGGRESSIVE;
				CLANG_CXX_LANGUAGE_STANDARD = "gnu++14";
				CLANG_CXX_LIBRARY = "libc++";
				CLANG_ENABLE_MODULES = YES;
				CLANG_ENABLE_OBJC_ARC = YES;
				CLANG_ENABLE_OBJC_WEAK = YES;
				CLANG_WARN_BLOCK_CAPTURE_AUTORELEASING = YES;
				CLANG_WARN_BOOL_CONVERSION = YES;
				CLANG_WARN_COMMA = YES;
				CLANG_WARN_CONSTANT_CONVERSION = YES;
				CLANG_WARN_DEPRECATED_OBJC_IMPLEMENTATIONS = YES;
				CLANG_WARN_DIRECT_OBJC_ISA_USAGE = YES_ERROR;
				CLANG_WARN_DOCUMENTATION_COMMENTS = YES;
				CLANG_WARN_EMPTY_BODY = YES;
				CLANG_WARN_ENUM_CONVERSION = YES;
				CLANG_WARN_INFINITE_RECURSION = YES;
				CLANG_WARN_INT_CONVERSION = YES;
				CLANG_WARN_NON_LITERAL_NULL_CONVERSION = YES;
				CLANG_WARN_OBJC_IMPLICIT_RETAIN_SELF = YES;
				CLANG_WARN_OBJC_LITERAL_CONVERSION = YES;
				CLANG_WARN_OBJC_ROOT_CLASS = YES_ERROR;
				CLANG_WARN_RANGE_LOOP_ANALYSIS = YES;
				CLANG_WARN_STRICT_PROTOTYPES = YES;
				CLANG_WARN_SUSPICIOUS_MOVE = YES;
				CLANG_WARN_UNGUARDED_AVAILABILITY = YES_AGGRESSIVE;
				CLANG_WARN_UNREACHABLE_CODE = YES;
				CLANG_WARN__DUPLICATE_METHOD_MATCH = YES;
				CODE_SIGN_IDENTITY = "iPhone Developer";
				COPY_PHASE_STRIP = NO;
				DEBUG_INFORMATION_FORMAT = dwarf;
				ENABLE_STRICT_OBJC_MSGSEND = YES;
				ENABLE_TESTABILITY = YES;
				GCC_C_LANGUAGE_STANDARD = gnu11;
				GCC_DYNAMIC_NO_PIC = NO;
				GCC_NO_COMMON_BLOCKS = YES;
				GCC_OPTIMIZATION_LEVEL = 0;
				GCC_PREPROCESSOR_DEFINITIONS = (
					"DEBUG=1",
					"$(inherited)",
				);
				GCC_WARN_64_TO_32_BIT_CONVERSION = YES;
				GCC_WARN_ABOUT_RETURN_TYPE = YES_ERROR;
				GCC_WARN_UNDECLARED_SELECTOR = YES;
				GCC_WARN_UNINITIALIZED_AUTOS = YES_AGGRESSIVE;
				GCC_WARN_UNUSED_FUNCTION = YES;
				GCC_WARN_UNUSED_VARIABLE = YES;
				IPHONEOS_DEPLOYMENT_TARGET = 12.2;
				MTL_ENABLE_DEBUG_INFO = INCLUDE_SOURCE;
				MTL_FAST_MATH = YES;
				ONLY_ACTIVE_ARCH = YES;
				SDKROOT = iphoneos;
				SWIFT_ACTIVE_COMPILATION_CONDITIONS = DEBUG;
				SWIFT_OPTIMIZATION_LEVEL = "-Onone";
			};
			name = Debug;
		};
		205E2C1722D67F7900B39BCD /* Release */ = {
			isa = XCBuildConfiguration;
			buildSettings = {
				ALWAYS_SEARCH_USER_PATHS = NO;
				CLANG_ANALYZER_NONNULL = YES;
				CLANG_ANALYZER_NUMBER_OBJECT_CONVERSION = YES_AGGRESSIVE;
				CLANG_CXX_LANGUAGE_STANDARD = "gnu++14";
				CLANG_CXX_LIBRARY = "libc++";
				CLANG_ENABLE_MODULES = YES;
				CLANG_ENABLE_OBJC_ARC = YES;
				CLANG_ENABLE_OBJC_WEAK = YES;
				CLANG_WARN_BLOCK_CAPTURE_AUTORELEASING = YES;
				CLANG_WARN_BOOL_CONVERSION = YES;
				CLANG_WARN_COMMA = YES;
				CLANG_WARN_CONSTANT_CONVERSION = YES;
				CLANG_WARN_DEPRECATED_OBJC_IMPLEMENTATIONS = YES;
				CLANG_WARN_DIRECT_OBJC_ISA_USAGE = YES_ERROR;
				CLANG_WARN_DOCUMENTATION_COMMENTS = YES;
				CLANG_WARN_EMPTY_BODY = YES;
				CLANG_WARN_ENUM_CONVERSION = YES;
				CLANG_WARN_INFINITE_RECURSION = YES;
				CLANG_WARN_INT_CONVERSION = YES;
				CLANG_WARN_NON_LITERAL_NULL_CONVERSION = YES;
				CLANG_WARN_OBJC_IMPLICIT_RETAIN_SELF = YES;
				CLANG_WARN_OBJC_LITERAL_CONVERSION = YES;
				CLANG_WARN_OBJC_ROOT_CLASS = YES_ERROR;
				CLANG_WARN_RANGE_LOOP_ANALYSIS = YES;
				CLANG_WARN_STRICT_PROTOTYPES = YES;
				CLANG_WARN_SUSPICIOUS_MOVE = YES;
				CLANG_WARN_UNGUARDED_AVAILABILITY = YES_AGGRESSIVE;
				CLANG_WARN_UNREACHABLE_CODE = YES;
				CLANG_WARN__DUPLICATE_METHOD_MATCH = YES;
				CODE_SIGN_IDENTITY = "iPhone Developer";
				COPY_PHASE_STRIP = NO;
				DEBUG_INFORMATION_FORMAT = "dwarf-with-dsym";
				ENABLE_NS_ASSERTIONS = NO;
				ENABLE_STRICT_OBJC_MSGSEND = YES;
				GCC_C_LANGUAGE_STANDARD = gnu11;
				GCC_NO_COMMON_BLOCKS = YES;
				GCC_WARN_64_TO_32_BIT_CONVERSION = YES;
				GCC_WARN_ABOUT_RETURN_TYPE = YES_ERROR;
				GCC_WARN_UNDECLARED_SELECTOR = YES;
				GCC_WARN_UNINITIALIZED_AUTOS = YES_AGGRESSIVE;
				GCC_WARN_UNUSED_FUNCTION = YES;
				GCC_WARN_UNUSED_VARIABLE = YES;
				IPHONEOS_DEPLOYMENT_TARGET = 12.2;
				MTL_ENABLE_DEBUG_INFO = NO;
				MTL_FAST_MATH = YES;
				SDKROOT = iphoneos;
				SWIFT_COMPILATION_MODE = wholemodule;
				SWIFT_OPTIMIZATION_LEVEL = "-O";
				VALIDATE_PRODUCT = YES;
			};
			name = Release;
		};
		205E2C1922D67F7900B39BCD /* Debug */ = {
			isa = XCBuildConfiguration;
			baseConfigurationReference = FB03A3EF6415FA9FFA66BB1F /* Pods-SampleProject2.debug.xcconfig */;
			buildSettings = {
				ASSETCATALOG_COMPILER_APPICON_NAME = AppIcon;
				CODE_SIGN_STYLE = Automatic;
				DEVELOPMENT_TEAM = ZN8QY8PJU6;
				INFOPLIST_FILE = SampleProject2/Info.plist;
				LD_RUNPATH_SEARCH_PATHS = (
					"$(inherited)",
					"@executable_path/Frameworks",
				);
				PRODUCT_BUNDLE_IDENTIFIER = com.demo.test.SampleProject2;
				PRODUCT_NAME = "$(TARGET_NAME)";
				SWIFT_VERSION = 5.0;
				TARGETED_DEVICE_FAMILY = "1,2";
			};
			name = Debug;
		};
		205E2C1A22D67F7900B39BCD /* Release */ = {
			isa = XCBuildConfiguration;
			baseConfigurationReference = 2C8CCB16C8E38DEDE6307410 /* Pods-SampleProject2.release.xcconfig */;
			buildSettings = {
				ASSETCATALOG_COMPILER_APPICON_NAME = AppIcon;
				CODE_SIGN_STYLE = Automatic;
				DEVELOPMENT_TEAM = ZN8QY8PJU6;
				INFOPLIST_FILE = SampleProject2/Info.plist;
				LD_RUNPATH_SEARCH_PATHS = (
					"$(inherited)",
					"@executable_path/Frameworks",
				);
				PRODUCT_BUNDLE_IDENTIFIER = com.demo.test.SampleProject2;
				PRODUCT_NAME = "$(TARGET_NAME)";
				SWIFT_VERSION = 5.0;
				TARGETED_DEVICE_FAMILY = "1,2";
			};
			name = Release;
		};
		205E2C1C22D67F7900B39BCD /* Debug */ = {
			isa = XCBuildConfiguration;
			buildSettings = {
				ALWAYS_EMBED_SWIFT_STANDARD_LIBRARIES = YES;
				BUNDLE_LOADER = "$(TEST_HOST)";
				CODE_SIGN_STYLE = Automatic;
				INFOPLIST_FILE = SampleProject2Tests/Info.plist;
				LD_RUNPATH_SEARCH_PATHS = (
					"$(inherited)",
					"@executable_path/Frameworks",
					"@loader_path/Frameworks",
				);
				PRODUCT_BUNDLE_IDENTIFIER = com.demo.test.SampleProject2Tests;
				PRODUCT_NAME = "$(TARGET_NAME)";
				SWIFT_VERSION = 5.0;
				TARGETED_DEVICE_FAMILY = "1,2";
				TEST_HOST = "$(BUILT_PRODUCTS_DIR)/SampleProject2.app/SampleProject2";
			};
			name = Debug;
		};
		205E2C1D22D67F7900B39BCD /* Release */ = {
			isa = XCBuildConfiguration;
			buildSettings = {
				ALWAYS_EMBED_SWIFT_STANDARD_LIBRARIES = YES;
				BUNDLE_LOADER = "$(TEST_HOST)";
				CODE_SIGN_STYLE = Automatic;
				INFOPLIST_FILE = SampleProject2Tests/Info.plist;
				LD_RUNPATH_SEARCH_PATHS = (
					"$(inherited)",
					"@executable_path/Frameworks",
					"@loader_path/Frameworks",
				);
				PRODUCT_BUNDLE_IDENTIFIER = com.demo.test.SampleProject2Tests;
				PRODUCT_NAME = "$(TARGET_NAME)";
				SWIFT_VERSION = 5.0;
				TARGETED_DEVICE_FAMILY = "1,2";
				TEST_HOST = "$(BUILT_PRODUCTS_DIR)/SampleProject2.app/SampleProject2";
			};
			name = Release;
		};
/* End XCBuildConfiguration section */

/* Begin XCConfigurationList section */
		205E2BF622D67F7800B39BCD /* Build configuration list for PBXProject "SampleProject2" */ = {
			isa = XCConfigurationList;
			buildConfigurations = (
				205E2C1622D67F7900B39BCD /* Debug */,
				205E2C1722D67F7900B39BCD /* Release */,
			);
			defaultConfigurationIsVisible = 0;
			defaultConfigurationName = Release;
		};
		205E2C1822D67F7900B39BCD /* Build configuration list for PBXNativeTarget "SampleProject2" */ = {
			isa = XCConfigurationList;
			buildConfigurations = (
				205E2C1922D67F7900B39BCD /* Debug */,
				205E2C1A22D67F7900B39BCD /* Release */,
			);
			defaultConfigurationIsVisible = 0;
			defaultConfigurationName = Release;
		};
		205E2C1B22D67F7900B39BCD /* Build configuration list for PBXNativeTarget "SampleProject2Tests" */ = {
			isa = XCConfigurationList;
			buildConfigurations = (
				205E2C1C22D67F7900B39BCD /* Debug */,
				205E2C1D22D67F7900B39BCD /* Release */,
			);
			defaultConfigurationIsVisible = 0;
			defaultConfigurationName = Release;
		};
/* End XCConfigurationList section */
	};
	rootObject = 205E2BF322D67F7800B39BCD /* Project object */;
}
